
Microsoft Visual Studio Solution File, Format Version 12.00
# Visual Studio Version 17
VisualStudioVersion = 17.0.31903.59
MinimumVisualStudioVersion = 10.0.40219.1
Project("{FAE04EC0-301F-11D3-BF4B-00C04F79EFBC}") = "Domain", "Domain\Domain.csproj", "{D8283B10-8DBD-4D4A-80E0-6E8144114E5D}"
EndProject
Project("{2150E333-8FDC-42A3-9474-1A3956D46DE8}") = "Tests", "Tests", "{43972DCB-A50D-4D76-A8AA-DE215DE8C8D5}"
EndProject
Project("{FAE04EC0-301F-11D3-BF4B-00C04F79EFBC}") = "Application", "Application\Application.csproj", "{75F5E8B1-8508-4D0B-9571-8918F9927E2E}"
EndProject
Project("{FAE04EC0-301F-11D3-BF4B-00C04F79EFBC}") = "ExatoDigital.OpenSource.PriceTableModule.Repository.Tests", "ExatoDigital.OpenSource.PriceTableModule.Repository.Tests\ExatoDigital.OpenSource.PriceTableModule.Repository.Tests.csproj", "{64E61B13-4C0A-4F3D-9184-59198C91FF2E}"
EndProject
Project("{2150E333-8FDC-42A3-9474-1A3956D46DE8}") = "Core", "Core", "{C5C5DEA5-C68A-4F42-84C8-3D2E960C1EAC}"
EndProject
Project("{2150E333-8FDC-42A3-9474-1A3956D46DE8}") = "External", "External", "{3D401B7C-42A4-41D3-B1FE-448082C5AC04}"
EndProject
Project("{FAE04EC0-301F-11D3-BF4B-00C04F79EFBC}") = "Infraestructure", "Infraestructure\Infraestructure.csproj", "{DDD465C8-F855-427E-BFFC-E0F16D74A800}"
EndProject
Project("{FAE04EC0-301F-11D3-BF4B-00C04F79EFBC}") = "Presentation", "Presentation\Presentation.csproj", "{A4CB803E-E27C-4E07-96EB-D7D483730DC4}"
EndProject
Project("{FAE04EC0-301F-11D3-BF4B-00C04F79EFBC}") = "UnitTests", "UnitTests\UnitTests.csproj", "{97A6976A-9CFC-4F3F-A33F-A2553EC60295}"
EndProject
Global
	GlobalSection(SolutionConfigurationPlatforms) = preSolution
		Debug|Any CPU = Debug|Any CPU
		Release|Any CPU = Release|Any CPU
	EndGlobalSection
	GlobalSection(SolutionProperties) = preSolution
		HideSolutionNode = FALSE
	EndGlobalSection
	GlobalSection(NestedProjects) = preSolution
		{64E61B13-4C0A-4F3D-9184-59198C91FF2E} = {43972DCB-A50D-4D76-A8AA-DE215DE8C8D5}
		{75F5E8B1-8508-4D0B-9571-8918F9927E2E} = {C5C5DEA5-C68A-4F42-84C8-3D2E960C1EAC}
		{D8283B10-8DBD-4D4A-80E0-6E8144114E5D} = {C5C5DEA5-C68A-4F42-84C8-3D2E960C1EAC}
		{DDD465C8-F855-427E-BFFC-E0F16D74A800} = {3D401B7C-42A4-41D3-B1FE-448082C5AC04}
		{A4CB803E-E27C-4E07-96EB-D7D483730DC4} = {3D401B7C-42A4-41D3-B1FE-448082C5AC04}
		{97A6976A-9CFC-4F3F-A33F-A2553EC60295} = {43972DCB-A50D-4D76-A8AA-DE215DE8C8D5}
	EndGlobalSection
	GlobalSection(ProjectConfigurationPlatforms) = postSolution
		{D8283B10-8DBD-4D4A-80E0-6E8144114E5D}.Debug|Any CPU.ActiveCfg = Debug|Any CPU
		{D8283B10-8DBD-4D4A-80E0-6E8144114E5D}.Debug|Any CPU.Build.0 = Debug|Any CPU
		{D8283B10-8DBD-4D4A-80E0-6E8144114E5D}.Release|Any CPU.ActiveCfg = Release|Any CPU
		{D8283B10-8DBD-4D4A-80E0-6E8144114E5D}.Release|Any CPU.Build.0 = Release|Any CPU
		{75F5E8B1-8508-4D0B-9571-8918F9927E2E}.Debug|Any CPU.ActiveCfg = Debug|Any CPU
		{75F5E8B1-8508-4D0B-9571-8918F9927E2E}.Debug|Any CPU.Build.0 = Debug|Any CPU
		{75F5E8B1-8508-4D0B-9571-8918F9927E2E}.Release|Any CPU.ActiveCfg = Release|Any CPU
		{75F5E8B1-8508-4D0B-9571-8918F9927E2E}.Release|Any CPU.Build.0 = Release|Any CPU
		{64E61B13-4C0A-4F3D-9184-59198C91FF2E}.Debug|Any CPU.ActiveCfg = Debug|Any CPU
		{64E61B13-4C0A-4F3D-9184-59198C91FF2E}.Debug|Any CPU.Build.0 = Debug|Any CPU
		{64E61B13-4C0A-4F3D-9184-59198C91FF2E}.Release|Any CPU.ActiveCfg = Release|Any CPU
		{64E61B13-4C0A-4F3D-9184-59198C91FF2E}.Release|Any CPU.Build.0 = Release|Any CPU
		{DDD465C8-F855-427E-BFFC-E0F16D74A800}.Debug|Any CPU.ActiveCfg = Debug|Any CPU
		{DDD465C8-F855-427E-BFFC-E0F16D74A800}.Debug|Any CPU.Build.0 = Debug|Any CPU
		{DDD465C8-F855-427E-BFFC-E0F16D74A800}.Release|Any CPU.ActiveCfg = Release|Any CPU
		{DDD465C8-F855-427E-BFFC-E0F16D74A800}.Release|Any CPU.Build.0 = Release|Any CPU
		{A4CB803E-E27C-4E07-96EB-D7D483730DC4}.Debug|Any CPU.ActiveCfg = Debug|Any CPU
		{A4CB803E-E27C-4E07-96EB-D7D483730DC4}.Debug|Any CPU.Build.0 = Debug|Any CPU
		{A4CB803E-E27C-4E07-96EB-D7D483730DC4}.Release|Any CPU.ActiveCfg = Release|Any CPU
		{A4CB803E-E27C-4E07-96EB-D7D483730DC4}.Release|Any CPU.Build.0 = Release|Any CPU
		{97A6976A-9CFC-4F3F-A33F-A2553EC60295}.Debug|Any CPU.ActiveCfg = Debug|Any CPU
		{97A6976A-9CFC-4F3F-A33F-A2553EC60295}.Debug|Any CPU.Build.0 = Debug|Any CPU
		{97A6976A-9CFC-4F3F-A33F-A2553EC60295}.Release|Any CPU.ActiveCfg = Release|Any CPU
		{97A6976A-9CFC-4F3F-A33F-A2553EC60295}.Release|Any CPU.Build.0 = Release|Any CPU
	EndGlobalSection
EndGlobal
